{
    "version": 3,
    "terraform_version": "0.11.10",
    "serial": 7,
    "lineage": "b202872f-3900-54dc-1a64-6cc85c614982",
    "modules": [
        {
            "path": [
                "root"
            ],
            "outputs": {
                "ID": {
                    "sensitive": false,
                    "type": "string",
                    "value": "i-0ef478abda35d58a6"
                },
                "public_ip": {
                    "sensitive": false,
                    "type": "string",
                    "value": "34.240.26.233"
                }
            },
            "resources": {
                "aws_instance.instance1": {
                    "type": "aws_instance",
                    "depends_on": [
                        "aws_security_group.artemis",
                        "aws_subnet.artemis-public"
                    ],
                    "primary": {
                        "id": "i-0ef478abda35d58a6",
                        "attributes": {
                            "ami": "ami-0c21ae4a3bd190229",
                            "arn": "arn:aws:ec2:eu-west-1:579086862469:instance/i-0ef478abda35d58a6",
                            "associate_public_ip_address": "true",
                            "availability_zone": "eu-west-1b",
                            "cpu_core_count": "1",
                            "cpu_threads_per_core": "1",
                            "credit_specification.#": "1",
                            "credit_specification.0.cpu_credits": "standard",
                            "disable_api_termination": "false",
                            "ebs_block_device.#": "0",
                            "ebs_optimized": "false",
                            "ephemeral_block_device.#": "0",
                            "get_password_data": "false",
                            "iam_instance_profile": "",
                            "id": "i-0ef478abda35d58a6",
                            "instance_state": "running",
                            "instance_type": "t2.micro",
                            "ipv6_addresses.#": "0",
                            "key_name": "project1",
                            "monitoring": "false",
                            "network_interface.#": "0",
                            "network_interface_id": "eni-04490e801b1f5e8cb",
                            "password_data": "",
                            "placement_group": "",
                            "primary_network_interface_id": "eni-04490e801b1f5e8cb",
                            "private_dns": "ip-10-0-2-115.eu-west-1.compute.internal",
                            "private_ip": "10.0.2.115",
                            "public_dns": "",
                            "public_ip": "34.240.26.233",
                            "root_block_device.#": "1",
                            "root_block_device.0.delete_on_termination": "true",
                            "root_block_device.0.iops": "100",
                            "root_block_device.0.volume_id": "vol-0cb9f4d3644050f68",
                            "root_block_device.0.volume_size": "8",
                            "root_block_device.0.volume_type": "gp2",
                            "security_groups.#": "0",
                            "source_dest_check": "true",
                            "subnet_id": "subnet-0569a25cf8e0bcfd6",
                            "tags.%": "0",
                            "tenancy": "default",
                            "user_data": "71cc5a3f385537032541dadce0bd87460d66b02f",
                            "volume_tags.%": "0",
                            "vpc_security_group_ids.#": "1",
                            "vpc_security_group_ids.2033791330": "sg-02ed6f335d6ae43d1"
                        },
                        "meta": {
                            "e2bfb730-ecaa-11e6-8f88-34363bc7c4c0": {
                                "create": 600000000000,
                                "delete": 1200000000000,
                                "update": 600000000000
                            },
                            "schema_version": "1"
                        },
                        "tainted": false
                    },
                    "deposed": [],
                    "provider": "provider.aws"
                },
                "aws_internet_gateway.artemis": {
                    "type": "aws_internet_gateway",
                    "depends_on": [
                        "aws_vpc.main"
                    ],
                    "primary": {
                        "id": "igw-090eb68c6de47371c",
                        "attributes": {
                            "id": "igw-090eb68c6de47371c",
                            "tags.%": "0",
                            "vpc_id": "vpc-0721c6ce63c9cce69"
                        },
                        "meta": {},
                        "tainted": false
                    },
                    "deposed": [],
                    "provider": "provider.aws"
                },
                "aws_key_pair.project1": {
                    "type": "aws_key_pair",
                    "depends_on": [],
                    "primary": {
                        "id": "project1",
                        "attributes": {
                            "fingerprint": "07:a8:ea:00:02:c7:2e:65:45:69:cb:98:ef:6d:49:53",
                            "id": "project1",
                            "key_name": "project1",
                            "public_key": "ssh-rsa AAAAB3NzaC1yc2EAAAADAQABAAABAQDWsMbIue5ZKhJQBU3EC1OBkdOO8M9OGnuunFrRtVUGgO2gPKpKy5xVW0hI2R0FgDtFZ//JcFYBDkp7/P61UdC2N2pDKzOnkFFu5Tfb9/UKEPB0Z6VBMy6rAR4Dw6XYPpSSx7pG6jponYrpIlykzRJE9ky3/u3lNvB8fec8PiYoyua93ubX/ed6dTk4AtaJg5XCyy52ryQDljmE4njJXeZSxp4E4t9xVawW7Itm6mXo6OFORIxUC3QlE4SFvf14Tn9SZjN8teAvBSaFGnlzFZQOJoqpZkKG7IYW1lLXYuA075qejLh7U5qH5utl+dCoRKThviqabb4WdPM/wuT41ANl root@terraform"
                        },
                        "meta": {
                            "schema_version": "1"
                        },
                        "tainted": false
                    },
                    "deposed": [],
                    "provider": "provider.aws"
                },
                "aws_route_table.artemis": {
                    "type": "aws_route_table",
                    "depends_on": [
                        "aws_internet_gateway.artemis",
                        "aws_vpc.main"
                    ],
                    "primary": {
                        "id": "rtb-0d6609f6da4f9240c",
                        "attributes": {
                            "id": "rtb-0d6609f6da4f9240c",
                            "propagating_vgws.#": "0",
                            "route.#": "1",
                            "route.2017342863.cidr_block": "0.0.0.0/0",
                            "route.2017342863.egress_only_gateway_id": "",
                            "route.2017342863.gateway_id": "igw-090eb68c6de47371c",
                            "route.2017342863.instance_id": "",
                            "route.2017342863.ipv6_cidr_block": "",
                            "route.2017342863.nat_gateway_id": "",
                            "route.2017342863.network_interface_id": "",
                            "route.2017342863.vpc_peering_connection_id": "",
                            "tags.%": "0",
                            "vpc_id": "vpc-0721c6ce63c9cce69"
                        },
                        "meta": {},
                        "tainted": false
                    },
                    "deposed": [],
                    "provider": "provider.aws"
                },
                "aws_security_group.artemis": {
                    "type": "aws_security_group",
                    "depends_on": [
                        "aws_vpc.main"
                    ],
                    "primary": {
                        "id": "sg-02ed6f335d6ae43d1",
                        "attributes": {
                            "arn": "arn:aws:ec2:eu-west-1:579086862469:security-group/sg-02ed6f335d6ae43d1",
                            "description": "Artemis Security Group",
                            "egress.#": "1",
                            "egress.482069346.cidr_blocks.#": "1",
                            "egress.482069346.cidr_blocks.0": "0.0.0.0/0",
                            "egress.482069346.description": "",
                            "egress.482069346.from_port": "0",
                            "egress.482069346.ipv6_cidr_blocks.#": "0",
                            "egress.482069346.prefix_list_ids.#": "0",
                            "egress.482069346.protocol": "-1",
                            "egress.482069346.security_groups.#": "0",
                            "egress.482069346.self": "false",
                            "egress.482069346.to_port": "0",
                            "id": "sg-02ed6f335d6ae43d1",
                            "ingress.#": "1",
                            "ingress.482069346.cidr_blocks.#": "1",
                            "ingress.482069346.cidr_blocks.0": "0.0.0.0/0",
                            "ingress.482069346.description": "",
                            "ingress.482069346.from_port": "0",
                            "ingress.482069346.ipv6_cidr_blocks.#": "0",
                            "ingress.482069346.prefix_list_ids.#": "0",
                            "ingress.482069346.protocol": "-1",
                            "ingress.482069346.security_groups.#": "0",
                            "ingress.482069346.self": "false",
                            "ingress.482069346.to_port": "0",
                            "name": "artemis",
                            "owner_id": "579086862469",
                            "revoke_rules_on_delete": "false",
                            "tags.%": "0",
                            "vpc_id": "vpc-0721c6ce63c9cce69"
                        },
                        "meta": {
                            "e2bfb730-ecaa-11e6-8f88-34363bc7c4c0": {
                                "create": 600000000000,
                                "delete": 600000000000
                            },
                            "schema_version": "1"
                        },
                        "tainted": false
                    },
                    "deposed": [],
                    "provider": "provider.aws"
                },
                "aws_subnet.artemis-private": {
                    "type": "aws_subnet",
                    "depends_on": [
                        "aws_vpc.main"
                    ],
                    "primary": {
                        "id": "subnet-0760112832d017cb8",
                        "attributes": {
                            "arn": "arn:aws:ec2:eu-west-1:579086862469:subnet/subnet-0760112832d017cb8",
                            "assign_ipv6_address_on_creation": "false",
                            "availability_zone": "eu-west-1b",
                            "cidr_block": "10.0.1.0/24",
                            "id": "subnet-0760112832d017cb8",
                            "map_public_ip_on_launch": "false",
                            "tags.%": "0",
                            "vpc_id": "vpc-0721c6ce63c9cce69"
                        },
                        "meta": {
                            "e2bfb730-ecaa-11e6-8f88-34363bc7c4c0": {
                                "create": 600000000000,
                                "delete": 600000000000
                            },
                            "schema_version": "1"
                        },
                        "tainted": false
                    },
                    "deposed": [],
                    "provider": "provider.aws"
                },
                "aws_subnet.artemis-public": {
                    "type": "aws_subnet",
                    "depends_on": [
                        "aws_vpc.main"
                    ],
                    "primary": {
                        "id": "subnet-0569a25cf8e0bcfd6",
                        "attributes": {
                            "arn": "arn:aws:ec2:eu-west-1:579086862469:subnet/subnet-0569a25cf8e0bcfd6",
                            "assign_ipv6_address_on_creation": "false",
                            "availability_zone": "eu-west-1b",
                            "cidr_block": "10.0.2.0/24",
                            "id": "subnet-0569a25cf8e0bcfd6",
                            "map_public_ip_on_launch": "false",
                            "tags.%": "0",
                            "vpc_id": "vpc-0721c6ce63c9cce69"
                        },
                        "meta": {
                            "e2bfb730-ecaa-11e6-8f88-34363bc7c4c0": {
                                "create": 600000000000,
                                "delete": 600000000000
                            },
                            "schema_version": "1"
                        },
                        "tainted": false
                    },
                    "deposed": [],
                    "provider": "provider.aws"
                },
                "aws_vpc.main": {
                    "type": "aws_vpc",
                    "depends_on": [],
                    "primary": {
                        "id": "vpc-0721c6ce63c9cce69",
                        "attributes": {
                            "arn": "arn:aws:ec2:eu-west-1:579086862469:vpc/vpc-0721c6ce63c9cce69",
                            "assign_generated_ipv6_cidr_block": "false",
                            "cidr_block": "10.0.0.0/16",
                            "default_network_acl_id": "acl-052edb53d5ca47072",
                            "default_route_table_id": "rtb-0dba6989bdc2aa09e",
                            "default_security_group_id": "sg-0ec748aa22f5a4998",
                            "dhcp_options_id": "dopt-c8de4fae",
                            "enable_classiclink": "false",
                            "enable_classiclink_dns_support": "false",
                            "enable_dns_hostnames": "false",
                            "enable_dns_support": "true",
                            "id": "vpc-0721c6ce63c9cce69",
                            "instance_tenancy": "default",
                            "main_route_table_id": "rtb-0dba6989bdc2aa09e",
                            "tags.%": "0"
                        },
                        "meta": {
                            "schema_version": "1"
                        },
                        "tainted": false
                    },
                    "deposed": [],
                    "provider": "provider.aws"
                }
            },
            "depends_on": []
        }
    ]
}
