{
    "version": 3,
    "terraform_version": "0.11.10",
    "serial": 5,
    "lineage": "b202872f-3900-54dc-1a64-6cc85c614982",
    "modules": [
        {
            "path": [
                "root"
            ],
            "outputs": {},
            "resources": {
                "aws_internet_gateway.artemis": {
                    "type": "aws_internet_gateway",
                    "depends_on": [
                        "aws_vpc.main"
                    ],
                    "primary": {
                        "id": "igw-090eb68c6de47371c",
                        "attributes": {
                            "id": "igw-090eb68c6de47371c",
                            "tags.%": "0",
                            "vpc_id": "vpc-0721c6ce63c9cce69"
                        },
                        "meta": {},
                        "tainted": false
                    },
                    "deposed": [],
                    "provider": "provider.aws"
                },
                "aws_route_table.artemis": {
                    "type": "aws_route_table",
                    "depends_on": [
                        "aws_internet_gateway.artemis",
                        "aws_vpc.main"
                    ],
                    "primary": {
                        "id": "rtb-0a66a6b5256976fb3",
                        "attributes": {
                            "id": "rtb-0a66a6b5256976fb3",
                            "propagating_vgws.#": "0",
                            "route.#": "0",
                            "tags.%": "0",
                            "vpc_id": "vpc-0721c6ce63c9cce69"
                        },
                        "meta": {},
                        "tainted": false
                    },
                    "deposed": [],
                    "provider": "provider.aws"
                },
                "aws_subnet.artemis-private": {
                    "type": "aws_subnet",
                    "depends_on": [
                        "aws_vpc.main"
                    ],
                    "primary": {
                        "id": "subnet-0dc71686c83efba92",
                        "attributes": {
                            "arn": "arn:aws:ec2:eu-west-1:579086862469:subnet/subnet-0dc71686c83efba92",
                            "assign_ipv6_address_on_creation": "false",
                            "availability_zone": "eu-west-1b",
                            "cidr_block": "10.0.3.0/24",
                            "id": "subnet-0dc71686c83efba92",
                            "map_public_ip_on_launch": "false",
                            "tags.%": "0",
                            "vpc_id": "vpc-0721c6ce63c9cce69"
                        },
                        "meta": {
                            "e2bfb730-ecaa-11e6-8f88-34363bc7c4c0": {
                                "create": 600000000000,
                                "delete": 600000000000
                            },
                            "schema_version": "1"
                        },
                        "tainted": false
                    },
                    "deposed": [],
                    "provider": "provider.aws"
                },
                "aws_subnet.artemis-public": {
                    "type": "aws_subnet",
                    "depends_on": [
                        "aws_vpc.main"
                    ],
                    "primary": {
                        "id": "subnet-0569a25cf8e0bcfd6",
                        "attributes": {
                            "arn": "arn:aws:ec2:eu-west-1:579086862469:subnet/subnet-0569a25cf8e0bcfd6",
                            "assign_ipv6_address_on_creation": "false",
                            "availability_zone": "eu-west-1b",
                            "cidr_block": "10.0.2.0/24",
                            "id": "subnet-0569a25cf8e0bcfd6",
                            "map_public_ip_on_launch": "false",
                            "tags.%": "0",
                            "vpc_id": "vpc-0721c6ce63c9cce69"
                        },
                        "meta": {
                            "e2bfb730-ecaa-11e6-8f88-34363bc7c4c0": {
                                "create": 600000000000,
                                "delete": 600000000000
                            },
                            "schema_version": "1"
                        },
                        "tainted": false
                    },
                    "deposed": [],
                    "provider": "provider.aws"
                },
                "aws_vpc.main": {
                    "type": "aws_vpc",
                    "depends_on": [],
                    "primary": {
                        "id": "vpc-0721c6ce63c9cce69",
                        "attributes": {
                            "arn": "arn:aws:ec2:eu-west-1:579086862469:vpc/vpc-0721c6ce63c9cce69",
                            "assign_generated_ipv6_cidr_block": "false",
                            "cidr_block": "10.0.0.0/16",
                            "default_network_acl_id": "acl-052edb53d5ca47072",
                            "default_route_table_id": "rtb-0dba6989bdc2aa09e",
                            "default_security_group_id": "sg-0ec748aa22f5a4998",
                            "dhcp_options_id": "dopt-c8de4fae",
                            "enable_classiclink": "false",
                            "enable_classiclink_dns_support": "false",
                            "enable_dns_hostnames": "false",
                            "enable_dns_support": "true",
                            "id": "vpc-0721c6ce63c9cce69",
                            "instance_tenancy": "default",
                            "main_route_table_id": "rtb-0dba6989bdc2aa09e",
                            "tags.%": "0"
                        },
                        "meta": {
                            "schema_version": "1"
                        },
                        "tainted": false
                    },
                    "deposed": [],
                    "provider": "provider.aws"
                }
            },
            "depends_on": []
        }
    ]
}
